// !$*UTF8*$!
{
	archiveVersion = 1;
	classes = {
	};
	objectVersion = 63;
	objects = {

/* Begin PBXBuildFile section */
		41D161A12EF83D330004C800 /* Tip_CalculatorApp.swift in Sources */ = {isa = PBXBuildFile; fileRef = 41D161A02EF83D330004C800 /* Tip_CalculatorApp.swift */; };
		41D161A32EF83D330004C800 /* ContentView.swift in Sources */ = {isa = PBXBuildFile; fileRef = 41D161A22EF83D330004C800 /* ContentView.swift */; };
		41D161A52EF83D330004C800 /* TipCalculatorViewModel.swift in Sources */ = {isa = PBXBuildFile; fileRef = 41D161A42EF83D330004C800 /* TipCalculatorViewModel.swift */; };
		41D161A72EF83D330004C800 /* Assets.xcassets in Resources */ = {isa = PBXBuildFile; fileRef = 41D161A62EF83D330004C800 /* Assets.xcassets */; };
		41D161B02EF83D330004C800 /* SavedBill.swift in Sources */ = {isa = PBXBuildFile; fileRef = 41D161AF2EF83D330004C800 /* SavedBill.swift */; };
		41D161B12EF83D330004C800 /* ScannerView.swift in Sources */ = {isa = PBXBuildFile; fileRef = 41D161B22EF83D330004C800 /* ScannerView.swift */; };
		41D161B42EF83D330004C800 /* SettingsView.swift in Sources */ = {isa = PBXBuildFile; fileRef = 41D161B52EF83D330004C800 /* SettingsView.swift */; };
		41D161D02EF83D330004C800 /* SplashScreenView.swift in Sources */ = {isa = PBXBuildFile; fileRef = 41D161D12EF83D330004C800 /* SplashScreenView.swift */; };
		41D161D22EF83D330004C800 /* LocationOnboardingView.swift in Sources */ = {isa = PBXBuildFile; fileRef = 41D161D32EF83D330004C800 /* LocationOnboardingView.swift */; };
		41D161C12EF83D330004C800 /* TipCalculatorViewModelTests.swift in Sources */ = {isa = PBXBuildFile; fileRef = 41D161C02EF83D330004C800 /* TipCalculatorViewModelTests.swift */; };
		41D161C32EF83D330004C800 /* SavedBillTests.swift in Sources */ = {isa = PBXBuildFile; fileRef = 41D161C22EF83D330004C800 /* SavedBillTests.swift */; };
		41D161C52EF83D330004C800 /* NumberParsingTests.swift in Sources */ = {isa = PBXBuildFile; fileRef = 41D161C42EF83D330004C800 /* NumberParsingTests.swift */; };
		41D161E02EF83D330004C800 /* TipProduct.swift in Sources */ = {isa = PBXBuildFile; fileRef = 41D161E12EF83D330004C800 /* TipProduct.swift */; };
		41D161E22EF83D330004C800 /* StoreManager.swift in Sources */ = {isa = PBXBuildFile; fileRef = 41D161E32EF83D330004C800 /* StoreManager.swift */; };
		41D161E62EF83D330004C800 /* StoreManagerTests.swift in Sources */ = {isa = PBXBuildFile; fileRef = 41D161E72EF83D330004C800 /* StoreManagerTests.swift */; };
/* End PBXBuildFile section */

/* Begin PBXContainerItemProxy section */
		41D161C72EF83D330004C800 /* PBXContainerItemProxy */ = {
			isa = PBXContainerItemProxy;
			containerPortal = 41D1612B2EF83D330004C800 /* Project object */;
			proxyType = 1;
			remoteGlobalIDString = 41D161322EF83D330004C800;
			remoteInfo = "Tip Calculator";
		};
/* End PBXContainerItemProxy section */

/* Begin PBXFileReference section */
		41D161332EF83D330004C800 /* Tip Calculator.app */ = {isa = PBXFileReference; explicitFileType = wrapper.application; includeInIndex = 0; path = "Tip Calculator.app"; sourceTree = BUILT_PRODUCTS_DIR; };
		41D161A02EF83D330004C800 /* Tip_CalculatorApp.swift */ = {isa = PBXFileReference; lastKnownFileType = sourcecode.swift; path = Tip_CalculatorApp.swift; sourceTree = "<group>"; };
		41D161A22EF83D330004C800 /* ContentView.swift */ = {isa = PBXFileReference; lastKnownFileType = sourcecode.swift; path = ContentView.swift; sourceTree = "<group>"; };
		41D161A42EF83D330004C800 /* TipCalculatorViewModel.swift */ = {isa = PBXFileReference; lastKnownFileType = sourcecode.swift; path = TipCalculatorViewModel.swift; sourceTree = "<group>"; };
		41D161A62EF83D330004C800 /* Assets.xcassets */ = {isa = PBXFileReference; lastKnownFileType = folder.assetcatalog; path = Assets.xcassets; sourceTree = "<group>"; };
		41D161AF2EF83D330004C800 /* SavedBill.swift */ = {isa = PBXFileReference; lastKnownFileType = sourcecode.swift; path = SavedBill.swift; sourceTree = "<group>"; };
		41D161B22EF83D330004C800 /* ScannerView.swift */ = {isa = PBXFileReference; lastKnownFileType = sourcecode.swift; path = ScannerView.swift; sourceTree = "<group>"; };
		41D161B52EF83D330004C800 /* SettingsView.swift */ = {isa = PBXFileReference; lastKnownFileType = sourcecode.swift; path = SettingsView.swift; sourceTree = "<group>"; };
		41D161D12EF83D330004C800 /* SplashScreenView.swift */ = {isa = PBXFileReference; lastKnownFileType = sourcecode.swift; path = SplashScreenView.swift; sourceTree = "<group>"; };
		41D161D32EF83D330004C800 /* LocationOnboardingView.swift */ = {isa = PBXFileReference; lastKnownFileType = sourcecode.swift; path = LocationOnboardingView.swift; sourceTree = "<group>"; };
		41D161B82EF83D330004C800 /* Tip CalculatorTests.xctest */ = {isa = PBXFileReference; explicitFileType = wrapper.cfbundle; includeInIndex = 0; path = "Tip CalculatorTests.xctest"; sourceTree = BUILT_PRODUCTS_DIR; };
		41D161C02EF83D330004C800 /* TipCalculatorViewModelTests.swift */ = {isa = PBXFileReference; lastKnownFileType = sourcecode.swift; path = TipCalculatorViewModelTests.swift; sourceTree = "<group>"; };
		41D161C22EF83D330004C800 /* SavedBillTests.swift */ = {isa = PBXFileReference; lastKnownFileType = sourcecode.swift; path = SavedBillTests.swift; sourceTree = "<group>"; };
		41D161C42EF83D330004C800 /* NumberParsingTests.swift */ = {isa = PBXFileReference; lastKnownFileType = sourcecode.swift; path = NumberParsingTests.swift; sourceTree = "<group>"; };
		41D161E12EF83D330004C800 /* TipProduct.swift */ = {isa = PBXFileReference; lastKnownFileType = sourcecode.swift; path = TipProduct.swift; sourceTree = "<group>"; };
		41D161E32EF83D330004C800 /* StoreManager.swift */ = {isa = PBXFileReference; lastKnownFileType = sourcecode.swift; path = StoreManager.swift; sourceTree = "<group>"; };
		41D161E52EF83D330004C800 /* Products.storekit */ = {isa = PBXFileReference; lastKnownFileType = text; path = Products.storekit; sourceTree = "<group>"; };
		41D161E72EF83D330004C800 /* StoreManagerTests.swift */ = {isa = PBXFileReference; lastKnownFileType = sourcecode.swift; path = StoreManagerTests.swift; sourceTree = "<group>"; };
/* End PBXFileReference section */

/* Begin PBXFrameworksBuildPhase section */
		41D161302EF83D330004C800 /* Frameworks */ = {
			isa = PBXFrameworksBuildPhase;
			buildActionMask = 2147483647;
			files = (
			);
			runOnlyForDeploymentPostprocessing = 0;
		};
		41D161B62EF83D330004C800 /* Frameworks */ = {
			isa = PBXFrameworksBuildPhase;
			buildActionMask = 2147483647;
			files = (
			);
			runOnlyForDeploymentPostprocessing = 0;
		};
/* End PBXFrameworksBuildPhase section */

/* Begin PBXGroup section */
		41D1612A2EF83D330004C800 = {
			isa = PBXGroup;
			children = (
				41D161352EF83D330004C800 /* Tip Calculator */,
				41D161BF2EF83D330004C800 /* Tip CalculatorTests */,
				41D161342EF83D330004C800 /* Products */,
			);
			sourceTree = "<group>";
		};
		41D161342EF83D330004C800 /* Products */ = {
			isa = PBXGroup;
			children = (
				41D161332EF83D330004C800 /* Tip Calculator.app */,
				41D161B82EF83D330004C800 /* Tip CalculatorTests.xctest */,
			);
			name = Products;
			sourceTree = "<group>";
		};
		41D161352EF83D330004C800 /* Tip Calculator */ = {
			isa = PBXGroup;
			children = (
				41D161AE2EF83D330004C800 /* Models */,
				41D161E42EF83D330004C800 /* Services */,
				41D161B32EF83D330004C800 /* Views */,
				41D161A02EF83D330004C800 /* Tip_CalculatorApp.swift */,
				41D161A22EF83D330004C800 /* ContentView.swift */,
				41D161A42EF83D330004C800 /* TipCalculatorViewModel.swift */,
				41D161A62EF83D330004C800 /* Assets.xcassets */,
				41D161E52EF83D330004C800 /* Products.storekit */,
			);
			path = "Tip Calculator";
			sourceTree = "<group>";
		};
		41D161E42EF83D330004C800 /* Services */ = {
			isa = PBXGroup;
			children = (
				41D161E12EF83D330004C800 /* TipProduct.swift */,
				41D161E32EF83D330004C800 /* StoreManager.swift */,
			);
			path = Services;
			sourceTree = "<group>";
		};
		41D161AE2EF83D330004C800 /* Models */ = {
			isa = PBXGroup;
			children = (
				41D161AF2EF83D330004C800 /* SavedBill.swift */,
			);
			path = Models;
			sourceTree = "<group>";
		};
		41D161B32EF83D330004C800 /* Views */ = {
			isa = PBXGroup;
			children = (
				41D161D32EF83D330004C800 /* LocationOnboardingView.swift */,
				41D161B22EF83D330004C800 /* ScannerView.swift */,
				41D161B52EF83D330004C800 /* SettingsView.swift */,
				41D161D12EF83D330004C800 /* SplashScreenView.swift */,
			);
			path = Views;
			sourceTree = "<group>";
		};
		41D161BF2EF83D330004C800 /* Tip CalculatorTests */ = {
			isa = PBXGroup;
			children = (
				41D161C02EF83D330004C800 /* TipCalculatorViewModelTests.swift */,
				41D161C22EF83D330004C800 /* SavedBillTests.swift */,
				41D161C42EF83D330004C800 /* NumberParsingTests.swift */,
				41D161E72EF83D330004C800 /* StoreManagerTests.swift */,
			);
			path = "Tip CalculatorTests";
			sourceTree = "<group>";
		};
/* End PBXGroup section */

/* Begin PBXNativeTarget section */
		41D161322EF83D330004C800 /* Tip Calculator */ = {
			isa = PBXNativeTarget;
			buildConfigurationList = 41D1613E2EF83D340004C800 /* Build configuration list for PBXNativeTarget "Tip Calculator" */;
			buildPhases = (
				41D1612F2EF83D330004C800 /* Sources */,
				41D161302EF83D330004C800 /* Frameworks */,
				41D161312EF83D330004C800 /* Resources */,
			);
			buildRules = (
			);
			dependencies = (
			);
			name = "Tip Calculator";
			packageProductDependencies = (
			);
			productName = "Tip Calculator";
			productReference = 41D161332EF83D330004C800 /* Tip Calculator.app */;
			productType = "com.apple.product-type.application";
		};
		41D161B72EF83D330004C800 /* Tip CalculatorTests */ = {
			isa = PBXNativeTarget;
			buildConfigurationList = 41D161CB2EF83D340004C800 /* Build configuration list for PBXNativeTarget "Tip CalculatorTests" */;
			buildPhases = (
				41D161B92EF83D330004C800 /* Sources */,
				41D161B62EF83D330004C800 /* Frameworks */,
				41D161BA2EF83D330004C800 /* Resources */,
			);
			buildRules = (
			);
			dependencies = (
				41D161C82EF83D330004C800 /* PBXTargetDependency */,
			);
			name = "Tip CalculatorTests";
			packageProductDependencies = (
			);
			productName = "Tip CalculatorTests";
			productReference = 41D161B82EF83D330004C800 /* Tip CalculatorTests.xctest */;
			productType = "com.apple.product-type.bundle.unit-test";
		};
/* End PBXNativeTarget section */

/* Begin PBXProject section */
		41D1612B2EF83D330004C800 /* Project object */ = {
			isa = PBXProject;
			attributes = {
				BuildIndependentTargetsInParallel = 1;
				LastSwiftUpdateCheck = 2610;
				LastUpgradeCheck = 2610;
				TargetAttributes = {
					41D161322EF83D330004C800 = {
						CreatedOnToolsVersion = 26.1.1;
					};
					41D161B72EF83D330004C800 = {
						CreatedOnToolsVersion = 26.1.1;
						TestTargetID = 41D161322EF83D330004C800;
					};
				};
			};
			buildConfigurationList = 41D1612E2EF83D330004C800 /* Build configuration list for PBXProject "Tip Calculator" */;
			compatibilityVersion = "Xcode 14.0";
			developmentRegion = en;
			hasScannedForEncodings = 0;
			knownRegions = (
				en,
				Base,
			);
			mainGroup = 41D1612A2EF83D330004C800;
			minimizedProjectReferenceProxies = 1;
			productRefGroup = 41D161342EF83D330004C800 /* Products */;
			projectDirPath = "";
			projectRoot = "";
			targets = (
				41D161322EF83D330004C800 /* Tip Calculator */,
				41D161B72EF83D330004C800 /* Tip CalculatorTests */,
			);
		};
/* End PBXProject section */

/* Begin PBXResourcesBuildPhase section */
		41D161312EF83D330004C800 /* Resources */ = {
			isa = PBXResourcesBuildPhase;
			buildActionMask = 2147483647;
			files = (
				41D161A72EF83D330004C800 /* Assets.xcassets in Resources */,
			);
			runOnlyForDeploymentPostprocessing = 0;
		};
		41D161BA2EF83D330004C800 /* Resources */ = {
			isa = PBXResourcesBuildPhase;
			buildActionMask = 2147483647;
			files = (
			);
			runOnlyForDeploymentPostprocessing = 0;
		};
/* End PBXResourcesBuildPhase section */

/* Begin PBXSourcesBuildPhase section */
		41D1612F2EF83D330004C800 /* Sources */ = {
			isa = PBXSourcesBuildPhase;
			buildActionMask = 2147483647;
			files = (
				41D161A12EF83D330004C800 /* Tip_CalculatorApp.swift in Sources */,
				41D161A32EF83D330004C800 /* ContentView.swift in Sources */,
				41D161A52EF83D330004C800 /* TipCalculatorViewModel.swift in Sources */,
				41D161B02EF83D330004C800 /* SavedBill.swift in Sources */,
				41D161B12EF83D330004C800 /* ScannerView.swift in Sources */,
				41D161B42EF83D330004C800 /* SettingsView.swift in Sources */,
				41D161D02EF83D330004C800 /* SplashScreenView.swift in Sources */,
				41D161D22EF83D330004C800 /* LocationOnboardingView.swift in Sources */,
				41D161E02EF83D330004C800 /* TipProduct.swift in Sources */,
				41D161E22EF83D330004C800 /* StoreManager.swift in Sources */,
			);
			runOnlyForDeploymentPostprocessing = 0;
		};
		41D161B92EF83D330004C800 /* Sources */ = {
			isa = PBXSourcesBuildPhase;
			buildActionMask = 2147483647;
			files = (
				41D161C12EF83D330004C800 /* TipCalculatorViewModelTests.swift in Sources */,
				41D161C32EF83D330004C800 /* SavedBillTests.swift in Sources */,
				41D161C52EF83D330004C800 /* NumberParsingTests.swift in Sources */,
				41D161E62EF83D330004C800 /* StoreManagerTests.swift in Sources */,
			);
			runOnlyForDeploymentPostprocessing = 0;
		};
/* End PBXSourcesBuildPhase section */

/* Begin PBXTargetDependency section */
		41D161C82EF83D330004C800 /* PBXTargetDependency */ = {
			isa = PBXTargetDependency;
			target = 41D161322EF83D330004C800 /* Tip Calculator */;
			targetProxy = 41D161C72EF83D330004C800 /* PBXContainerItemProxy */;
		};
/* End PBXTargetDependency section */

/* Begin XCBuildConfiguration section */
		41D1613C2EF83D340004C800 /* Debug */ = {
			isa = XCBuildConfiguration;
			buildSettings = {
				ALWAYS_SEARCH_USER_PATHS = NO;
				ASSETCATALOG_COMPILER_GENERATE_SWIFT_ASSET_SYMBOL_EXTENSIONS = YES;
				CLANG_ANALYZER_NONNULL = YES;
				CLANG_ANALYZER_NUMBER_OBJECT_CONVERSION = YES_AGGRESSIVE;
				CLANG_CXX_LANGUAGE_STANDARD = "gnu++20";
				CLANG_ENABLE_MODULES = YES;
				CLANG_ENABLE_OBJC_ARC = YES;
				CLANG_ENABLE_OBJC_WEAK = YES;
				CLANG_WARN_BLOCK_CAPTURE_AUTORELEASING = YES;
				CLANG_WARN_BOOL_CONVERSION = YES;
				CLANG_WARN_COMMA = YES;
				CLANG_WARN_CONSTANT_CONVERSION = YES;
				CLANG_WARN_DEPRECATED_OBJC_IMPLEMENTATIONS = YES;
				CLANG_WARN_DIRECT_OBJC_ISA_USAGE = YES_ERROR;
				CLANG_WARN_DOCUMENTATION_COMMENTS = YES;
				CLANG_WARN_EMPTY_BODY = YES;
				CLANG_WARN_ENUM_CONVERSION = YES;
				CLANG_WARN_INFINITE_RECURSION = YES;
				CLANG_WARN_INT_CONVERSION = YES;
				CLANG_WARN_NON_LITERAL_NULL_CONVERSION = YES;
				CLANG_WARN_OBJC_IMPLICIT_RETAIN_SELF = YES;
				CLANG_WARN_OBJC_LITERAL_CONVERSION = YES;
				CLANG_WARN_OBJC_ROOT_CLASS = YES_ERROR;
				CLANG_WARN_QUOTED_INCLUDE_IN_FRAMEWORK_HEADER = YES;
				CLANG_WARN_RANGE_LOOP_ANALYSIS = YES;
				CLANG_WARN_STRICT_PROTOTYPES = YES;
				CLANG_WARN_SUSPICIOUS_MOVE = YES;
				CLANG_WARN_UNGUARDED_AVAILABILITY = YES_AGGRESSIVE;
				CLANG_WARN_UNREACHABLE_CODE = YES;
				CLANG_WARN__DUPLICATE_METHOD_MATCH = YES;
				COPY_PHASE_STRIP = NO;
				DEBUG_INFORMATION_FORMAT = dwarf;
				DEVELOPMENT_TEAM = A49A896ZSQ;
				ENABLE_STRICT_OBJC_MSGSEND = YES;
				ENABLE_TESTABILITY = YES;
				ENABLE_USER_SCRIPT_SANDBOXING = YES;
				GCC_C_LANGUAGE_STANDARD = gnu17;
				GCC_DYNAMIC_NO_PIC = NO;
				GCC_NO_COMMON_BLOCKS = YES;
				GCC_OPTIMIZATION_LEVEL = 0;
				GCC_PREPROCESSOR_DEFINITIONS = (
					"DEBUG=1",
					"$(inherited)",
				);
				GCC_WARN_64_TO_32_BIT_CONVERSION = YES;
				GCC_WARN_ABOUT_RETURN_TYPE = YES_ERROR;
				GCC_WARN_UNDECLARED_SELECTOR = YES;
				GCC_WARN_UNINITIALIZED_AUTOS = YES_AGGRESSIVE;
				GCC_WARN_UNUSED_FUNCTION = YES;
				GCC_WARN_UNUSED_VARIABLE = YES;
				IPHONEOS_DEPLOYMENT_TARGET = 17.0;
				LOCALIZATION_PREFERS_STRING_CATALOGS = YES;
				MTL_ENABLE_DEBUG_INFO = INCLUDE_SOURCE;
				MTL_FAST_MATH = YES;
				ONLY_ACTIVE_ARCH = YES;
				SDKROOT = iphoneos;
				STRING_CATALOG_GENERATE_SYMBOLS = YES;
				SWIFT_ACTIVE_COMPILATION_CONDITIONS = "DEBUG $(inherited)";
				SWIFT_OPTIMIZATION_LEVEL = "-Onone";
			};
			name = Debug;
		};
		41D1613D2EF83D340004C800 /* Release */ = {
			isa = XCBuildConfiguration;
			buildSettings = {
				ALWAYS_SEARCH_USER_PATHS = NO;
				ASSETCATALOG_COMPILER_GENERATE_SWIFT_ASSET_SYMBOL_EXTENSIONS = YES;
				CLANG_ANALYZER_NONNULL = YES;
				CLANG_ANALYZER_NUMBER_OBJECT_CONVERSION = YES_AGGRESSIVE;
				CLANG_CXX_LANGUAGE_STANDARD = "gnu++20";
				CLANG_ENABLE_MODULES = YES;
				CLANG_ENABLE_OBJC_ARC = YES;
				CLANG_ENABLE_OBJC_WEAK = YES;
				CLANG_WARN_BLOCK_CAPTURE_AUTORELEASING = YES;
				CLANG_WARN_BOOL_CONVERSION = YES;
				CLANG_WARN_COMMA = YES;
				CLANG_WARN_CONSTANT_CONVERSION = YES;
				CLANG_WARN_DEPRECATED_OBJC_IMPLEMENTATIONS = YES;
				CLANG_WARN_DIRECT_OBJC_ISA_USAGE = YES_ERROR;
				CLANG_WARN_DOCUMENTATION_COMMENTS = YES;
				CLANG_WARN_EMPTY_BODY = YES;
				CLANG_WARN_ENUM_CONVERSION = YES;
				CLANG_WARN_INFINITE_RECURSION = YES;
				CLANG_WARN_INT_CONVERSION = YES;
				CLANG_WARN_NON_LITERAL_NULL_CONVERSION = YES;
				CLANG_WARN_OBJC_IMPLICIT_RETAIN_SELF = YES;
				CLANG_WARN_OBJC_LITERAL_CONVERSION = YES;
				CLANG_WARN_OBJC_ROOT_CLASS = YES_ERROR;
				CLANG_WARN_QUOTED_INCLUDE_IN_FRAMEWORK_HEADER = YES;
				CLANG_WARN_RANGE_LOOP_ANALYSIS = YES;
				CLANG_WARN_STRICT_PROTOTYPES = YES;
				CLANG_WARN_SUSPICIOUS_MOVE = YES;
				CLANG_WARN_UNGUARDED_AVAILABILITY = YES_AGGRESSIVE;
				CLANG_WARN_UNREACHABLE_CODE = YES;
				CLANG_WARN__DUPLICATE_METHOD_MATCH = YES;
				COPY_PHASE_STRIP = NO;
				DEBUG_INFORMATION_FORMAT = "dwarf-with-dsym";
				DEVELOPMENT_TEAM = A49A896ZSQ;
				ENABLE_NS_ASSERTIONS = NO;
				ENABLE_STRICT_OBJC_MSGSEND = YES;
				ENABLE_USER_SCRIPT_SANDBOXING = YES;
				GCC_C_LANGUAGE_STANDARD = gnu17;
				GCC_NO_COMMON_BLOCKS = YES;
				GCC_WARN_64_TO_32_BIT_CONVERSION = YES;
				GCC_WARN_ABOUT_RETURN_TYPE = YES_ERROR;
				GCC_WARN_UNDECLARED_SELECTOR = YES;
				GCC_WARN_UNINITIALIZED_AUTOS = YES_AGGRESSIVE;
				GCC_WARN_UNUSED_FUNCTION = YES;
				GCC_WARN_UNUSED_VARIABLE = YES;
				IPHONEOS_DEPLOYMENT_TARGET = 17.0;
				LOCALIZATION_PREFERS_STRING_CATALOGS = YES;
				MTL_ENABLE_DEBUG_INFO = NO;
				MTL_FAST_MATH = YES;
				SDKROOT = iphoneos;
				STRING_CATALOG_GENERATE_SYMBOLS = YES;
				SWIFT_COMPILATION_MODE = wholemodule;
				VALIDATE_PRODUCT = YES;
			};
			name = Release;
		};
		41D1613F2EF83D340004C800 /* Debug */ = {
			isa = XCBuildConfiguration;
			buildSettings = {
				ASSETCATALOG_COMPILER_APPICON_NAME = AppIcon;
				ASSETCATALOG_COMPILER_GLOBAL_ACCENT_COLOR_NAME = AccentColor;
				CODE_SIGN_STYLE = Automatic;
				CURRENT_PROJECT_VERSION = 1;
				DEVELOPMENT_TEAM = A49A896ZSQ;
				ENABLE_PREVIEWS = YES;
				GENERATE_INFOPLIST_FILE = YES;
				INFOPLIST_KEY_CFBundleDisplayName = "Sir Tips Alot";
				INFOPLIST_KEY_NSCameraUsageDescription = "Sir Tips-A-Lot needs camera access to scan receipts and detect bill totals.";
				INFOPLIST_KEY_NSLocationWhenInUseUsageDescription = "Sir Tips-A-Lot uses your location to save the restaurant name with your receipt history.";
				INFOPLIST_KEY_UIApplicationSceneManifest_Generation = YES;
				INFOPLIST_KEY_UIApplicationSupportsIndirectInputEvents = YES;
				INFOPLIST_KEY_UILaunchScreen_Generation = YES;
				INFOPLIST_KEY_UISupportedInterfaceOrientations_iPad = "UIInterfaceOrientationPortrait UIInterfaceOrientationPortraitUpsideDown UIInterfaceOrientationLandscapeLeft UIInterfaceOrientationLandscapeRight";
				INFOPLIST_KEY_UISupportedInterfaceOrientations_iPhone = "UIInterfaceOrientationPortrait UIInterfaceOrientationLandscapeLeft UIInterfaceOrientationLandscapeRight";
				LD_RUNPATH_SEARCH_PATHS = (
					"$(inherited)",
					"@executable_path/Frameworks",
				);
				MARKETING_VERSION = 1.0;
				PRODUCT_BUNDLE_IDENTIFIER = "nmac.Tip-Calculator";
				PRODUCT_NAME = "$(TARGET_NAME)";
				SWIFT_EMIT_LOC_STRINGS = YES;
				SWIFT_VERSION = 5.0;
				TARGETED_DEVICE_FAMILY = "1,2";
			};
			name = Debug;
		};
		41D161402EF83D340004C800 /* Release */ = {
			isa = XCBuildConfiguration;
			buildSettings = {
				ASSETCATALOG_COMPILER_APPICON_NAME = AppIcon;
				ASSETCATALOG_COMPILER_GLOBAL_ACCENT_COLOR_NAME = AccentColor;
				CODE_SIGN_STYLE = Automatic;
				CURRENT_PROJECT_VERSION = 1;
				DEVELOPMENT_TEAM = A49A896ZSQ;
				ENABLE_PREVIEWS = YES;
				GENERATE_INFOPLIST_FILE = YES;
				INFOPLIST_KEY_CFBundleDisplayName = "Sir Tips Alot";
				INFOPLIST_KEY_NSCameraUsageDescription = "Sir Tips-A-Lot needs camera access to scan receipts and detect bill totals.";
				INFOPLIST_KEY_NSLocationWhenInUseUsageDescription = "Sir Tips-A-Lot uses your location to save the restaurant name with your receipt history.";
				INFOPLIST_KEY_UIApplicationSceneManifest_Generation = YES;
				INFOPLIST_KEY_UIApplicationSupportsIndirectInputEvents = YES;
				INFOPLIST_KEY_UILaunchScreen_Generation = YES;
				INFOPLIST_KEY_UISupportedInterfaceOrientations_iPad = "UIInterfaceOrientationPortrait UIInterfaceOrientationPortraitUpsideDown UIInterfaceOrientationLandscapeLeft UIInterfaceOrientationLandscapeRight";
				INFOPLIST_KEY_UISupportedInterfaceOrientations_iPhone = "UIInterfaceOrientationPortrait UIInterfaceOrientationLandscapeLeft UIInterfaceOrientationLandscapeRight";
				LD_RUNPATH_SEARCH_PATHS = (
					"$(inherited)",
					"@executable_path/Frameworks",
				);
				MARKETING_VERSION = 1.0;
				PRODUCT_BUNDLE_IDENTIFIER = "nmac.Tip-Calculator";
				PRODUCT_NAME = "$(TARGET_NAME)";
				SWIFT_EMIT_LOC_STRINGS = YES;
				SWIFT_VERSION = 5.0;
				TARGETED_DEVICE_FAMILY = "1,2";
			};
			name = Release;
		};
		41D161CC2EF83D340004C800 /* Debug */ = {
			isa = XCBuildConfiguration;
			buildSettings = {
				BUNDLE_LOADER = "$(TEST_HOST)";
				CODE_SIGN_STYLE = Automatic;
				CURRENT_PROJECT_VERSION = 1;
				DEVELOPMENT_TEAM = A49A896ZSQ;
				GENERATE_INFOPLIST_FILE = YES;
				IPHONEOS_DEPLOYMENT_TARGET = 17.0;
				MARKETING_VERSION = 1.0;
				PRODUCT_BUNDLE_IDENTIFIER = "nmac.Tip-CalculatorTests";
				PRODUCT_NAME = "$(TARGET_NAME)";
				SWIFT_EMIT_LOC_STRINGS = NO;
				SWIFT_VERSION = 5.0;
				TARGETED_DEVICE_FAMILY = "1,2";
				TEST_HOST = "$(BUILT_PRODUCTS_DIR)/Tip Calculator.app/$(BUNDLE_EXECUTABLE_FOLDER_PATH)/Tip Calculator";
			};
			name = Debug;
		};
		41D161CD2EF83D340004C800 /* Release */ = {
			isa = XCBuildConfiguration;
			buildSettings = {
				BUNDLE_LOADER = "$(TEST_HOST)";
				CODE_SIGN_STYLE = Automatic;
				CURRENT_PROJECT_VERSION = 1;
				DEVELOPMENT_TEAM = A49A896ZSQ;
				GENERATE_INFOPLIST_FILE = YES;
				IPHONEOS_DEPLOYMENT_TARGET = 17.0;
				MARKETING_VERSION = 1.0;
				PRODUCT_BUNDLE_IDENTIFIER = "nmac.Tip-CalculatorTests";
				PRODUCT_NAME = "$(TARGET_NAME)";
				SWIFT_EMIT_LOC_STRINGS = NO;
				SWIFT_VERSION = 5.0;
				TARGETED_DEVICE_FAMILY = "1,2";
				TEST_HOST = "$(BUILT_PRODUCTS_DIR)/Tip Calculator.app/$(BUNDLE_EXECUTABLE_FOLDER_PATH)/Tip Calculator";
			};
			name = Release;
		};
/* End XCBuildConfiguration section */

/* Begin XCConfigurationList section */
		41D1612E2EF83D330004C800 /* Build configuration list for PBXProject "Tip Calculator" */ = {
			isa = XCConfigurationList;
			buildConfigurations = (
				41D1613C2EF83D340004C800 /* Debug */,
				41D1613D2EF83D340004C800 /* Release */,
			);
			defaultConfigurationIsVisible = 0;
			defaultConfigurationName = Release;
		};
		41D1613E2EF83D340004C800 /* Build configuration list for PBXNativeTarget "Tip Calculator" */ = {
			isa = XCConfigurationList;
			buildConfigurations = (
				41D1613F2EF83D340004C800 /* Debug */,
				41D161402EF83D340004C800 /* Release */,
			);
			defaultConfigurationIsVisible = 0;
			defaultConfigurationName = Release;
		};
		41D161CB2EF83D340004C800 /* Build configuration list for PBXNativeTarget "Tip CalculatorTests" */ = {
			isa = XCConfigurationList;
			buildConfigurations = (
				41D161CC2EF83D340004C800 /* Debug */,
				41D161CD2EF83D340004C800 /* Release */,
			);
			defaultConfigurationIsVisible = 0;
			defaultConfigurationName = Release;
		};
/* End XCConfigurationList section */
	};
	rootObject = 41D1612B2EF83D330004C800 /* Project object */;
}
